// !$*UTF8*$!
{
	archiveVersion = 1;
	classes = {
	};
	objectVersion = 55;
	objects = {

/* Begin PBXBuildFile section */
		403B3DF2271842C60053572C /* DogFactViewController.swift in Sources */ = {isa = PBXBuildFile; fileRef = 403B3DF1271842C60053572C /* DogFactViewController.swift */; };
		403B3DF42719BF150053572C /* UIViewController+Present.swift in Sources */ = {isa = PBXBuildFile; fileRef = 403B3DF32719BF150053572C /* UIViewController+Present.swift */; };
		40554D2427143A4000B31C23 /* AppDelegate.swift in Sources */ = {isa = PBXBuildFile; fileRef = 40554D2327143A4000B31C23 /* AppDelegate.swift */; };
		40554D2627143A4000B31C23 /* SceneDelegate.swift in Sources */ = {isa = PBXBuildFile; fileRef = 40554D2527143A4000B31C23 /* SceneDelegate.swift */; };
		40554D2827143A4000B31C23 /* StartViewController.swift in Sources */ = {isa = PBXBuildFile; fileRef = 40554D2727143A4000B31C23 /* StartViewController.swift */; };
		40554D2B27143A4000B31C23 /* Main.storyboard in Resources */ = {isa = PBXBuildFile; fileRef = 40554D2927143A4000B31C23 /* Main.storyboard */; };
		40554D2D27143A4300B31C23 /* Assets.xcassets in Resources */ = {isa = PBXBuildFile; fileRef = 40554D2C27143A4300B31C23 /* Assets.xcassets */; };
		40554D3027143A4300B31C23 /* LaunchScreen.storyboard in Resources */ = {isa = PBXBuildFile; fileRef = 40554D2E27143A4300B31C23 /* LaunchScreen.storyboard */; };
		40554D3927143DC200B31C23 /* Alamofire in Frameworks */ = {isa = PBXBuildFile; productRef = 40554D3827143DC200B31C23 /* Alamofire */; };
		40554D3C27143E2200B31C23 /* SnapKit in Frameworks */ = {isa = PBXBuildFile; productRef = 40554D3B27143E2200B31C23 /* SnapKit */; };
		40554D3F271686CE00B31C23 /* Then in Frameworks */ = {isa = PBXBuildFile; productRef = 40554D3E271686CE00B31C23 /* Then */; };
		40554D422716928A00B31C23 /* Localizable.strings in Resources */ = {isa = PBXBuildFile; fileRef = 40554D442716928A00B31C23 /* Localizable.strings */; };
		40554D492716958F00B31C23 /* String+Localization.swift in Sources */ = {isa = PBXBuildFile; fileRef = 40554D482716958F00B31C23 /* String+Localization.swift */; };
		4095FEF2271830D000D96D27 /* dogFactData.json in Resources */ = {isa = PBXBuildFile; fileRef = 4095FEF1271830D000D96D27 /* dogFactData.json */; };
		4095FEF4271830FB00D96D27 /* ModelData.swift in Sources */ = {isa = PBXBuildFile; fileRef = 4095FEF3271830FB00D96D27 /* ModelData.swift */; };
		4095FEF9271832EB00D96D27 /* Dog.swift in Sources */ = {isa = PBXBuildFile; fileRef = 4095FEF8271832EB00D96D27 /* Dog.swift */; };
		4095FEFC2718339900D96D27 /* UserManager.swift in Sources */ = {isa = PBXBuildFile; fileRef = 4095FEFB2718339900D96D27 /* UserManager.swift */; };
		409A69582719EBAF0099A128 /* DogFactViewModel.swift in Sources */ = {isa = PBXBuildFile; fileRef = 409A69572719EBAF0099A128 /* DogFactViewModel.swift */; };
		409A695C2719F7460099A128 /* DogPicture.swift in Sources */ = {isa = PBXBuildFile; fileRef = 409A695B2719F7460099A128 /* DogPicture.swift */; };
		40B7E715271B116800285A36 /* SettingViewController.swift in Sources */ = {isa = PBXBuildFile; fileRef = 40B7E714271B116800285A36 /* SettingViewController.swift */; };
/* End PBXBuildFile section */

/* Begin PBXFileReference section */
		403B3DF1271842C60053572C /* DogFactViewController.swift */ = {isa = PBXFileReference; lastKnownFileType = sourcecode.swift; path = DogFactViewController.swift; sourceTree = "<group>"; };
		403B3DF32719BF150053572C /* UIViewController+Present.swift */ = {isa = PBXFileReference; lastKnownFileType = sourcecode.swift; path = "UIViewController+Present.swift"; sourceTree = "<group>"; };
		40554D2027143A4000B31C23 /* FunWithDogs.app */ = {isa = PBXFileReference; explicitFileType = wrapper.application; includeInIndex = 0; path = FunWithDogs.app; sourceTree = BUILT_PRODUCTS_DIR; };
		40554D2327143A4000B31C23 /* AppDelegate.swift */ = {isa = PBXFileReference; lastKnownFileType = sourcecode.swift; path = AppDelegate.swift; sourceTree = "<group>"; };
		40554D2527143A4000B31C23 /* SceneDelegate.swift */ = {isa = PBXFileReference; lastKnownFileType = sourcecode.swift; path = SceneDelegate.swift; sourceTree = "<group>"; };
		40554D2727143A4000B31C23 /* StartViewController.swift */ = {isa = PBXFileReference; lastKnownFileType = sourcecode.swift; path = StartViewController.swift; sourceTree = "<group>"; };
		40554D2A27143A4000B31C23 /* Base */ = {isa = PBXFileReference; lastKnownFileType = file.storyboard; name = Base; path = Base.lproj/Main.storyboard; sourceTree = "<group>"; };
		40554D2C27143A4300B31C23 /* Assets.xcassets */ = {isa = PBXFileReference; lastKnownFileType = folder.assetcatalog; path = Assets.xcassets; sourceTree = "<group>"; };
		40554D2F27143A4300B31C23 /* Base */ = {isa = PBXFileReference; lastKnownFileType = file.storyboard; name = Base; path = Base.lproj/LaunchScreen.storyboard; sourceTree = "<group>"; };
		40554D3127143A4300B31C23 /* Info.plist */ = {isa = PBXFileReference; lastKnownFileType = text.plist.xml; path = Info.plist; sourceTree = "<group>"; };
		40554D432716928A00B31C23 /* en */ = {isa = PBXFileReference; lastKnownFileType = text.plist.strings; name = en; path = en.lproj/Localizable.strings; sourceTree = "<group>"; };
		40554D45271692B500B31C23 /* ko */ = {isa = PBXFileReference; lastKnownFileType = text.plist.strings; name = ko; path = ko.lproj/Main.strings; sourceTree = "<group>"; };
		40554D46271692B500B31C23 /* ko */ = {isa = PBXFileReference; lastKnownFileType = text.plist.strings; name = ko; path = ko.lproj/LaunchScreen.strings; sourceTree = "<group>"; };
		40554D47271692B500B31C23 /* ko */ = {isa = PBXFileReference; lastKnownFileType = text.plist.strings; name = ko; path = ko.lproj/Localizable.strings; sourceTree = "<group>"; };
		40554D482716958F00B31C23 /* String+Localization.swift */ = {isa = PBXFileReference; lastKnownFileType = sourcecode.swift; path = "String+Localization.swift"; sourceTree = "<group>"; };
		4095FEF1271830D000D96D27 /* dogFactData.json */ = {isa = PBXFileReference; lastKnownFileType = text.json; path = dogFactData.json; sourceTree = "<group>"; };
		4095FEF3271830FB00D96D27 /* ModelData.swift */ = {isa = PBXFileReference; lastKnownFileType = sourcecode.swift; path = ModelData.swift; sourceTree = "<group>"; };
		4095FEF8271832EB00D96D27 /* Dog.swift */ = {isa = PBXFileReference; lastKnownFileType = sourcecode.swift; path = Dog.swift; sourceTree = "<group>"; };
		4095FEFB2718339900D96D27 /* UserManager.swift */ = {isa = PBXFileReference; lastKnownFileType = sourcecode.swift; path = UserManager.swift; sourceTree = "<group>"; };
		409A69572719EBAF0099A128 /* DogFactViewModel.swift */ = {isa = PBXFileReference; lastKnownFileType = sourcecode.swift; path = DogFactViewModel.swift; sourceTree = "<group>"; };
		409A695B2719F7460099A128 /* DogPicture.swift */ = {isa = PBXFileReference; lastKnownFileType = sourcecode.swift; path = DogPicture.swift; sourceTree = "<group>"; };
		40B7E714271B116800285A36 /* SettingViewController.swift */ = {isa = PBXFileReference; lastKnownFileType = sourcecode.swift; path = SettingViewController.swift; sourceTree = "<group>"; };
/* End PBXFileReference section */

/* Begin PBXFrameworksBuildPhase section */
		40554D1D27143A4000B31C23 /* Frameworks */ = {
			isa = PBXFrameworksBuildPhase;
			buildActionMask = 2147483647;
			files = (
				40554D3927143DC200B31C23 /* Alamofire in Frameworks */,
				40554D3F271686CE00B31C23 /* Then in Frameworks */,
				40554D3C27143E2200B31C23 /* SnapKit in Frameworks */,
			);
			runOnlyForDeploymentPostprocessing = 0;
		};
/* End PBXFrameworksBuildPhase section */

/* Begin PBXGroup section */
		40554D1727143A4000B31C23 = {
			isa = PBXGroup;
			children = (
				40554D2227143A4000B31C23 /* FunWithDogs */,
				40554D2127143A4000B31C23 /* Products */,
			);
			sourceTree = "<group>";
		};
		40554D2127143A4000B31C23 /* Products */ = {
			isa = PBXGroup;
			children = (
				40554D2027143A4000B31C23 /* FunWithDogs.app */,
			);
			name = Products;
			sourceTree = "<group>";
		};
		40554D2227143A4000B31C23 /* FunWithDogs */ = {
			isa = PBXGroup;
			children = (
				40554D2327143A4000B31C23 /* AppDelegate.swift */,
				40554D2527143A4000B31C23 /* SceneDelegate.swift */,
				4095FEF72718329F00D96D27 /* Extensions */,
				4095FEFA2718335700D96D27 /* Views */,
				4095FEF52718328000D96D27 /* Model */,
				4095FEF62718328B00D96D27 /* Resources */,
				40554D442716928A00B31C23 /* Localizable.strings */,
				40554D2E27143A4300B31C23 /* LaunchScreen.storyboard */,
				40554D2C27143A4300B31C23 /* Assets.xcassets */,
				40554D3127143A4300B31C23 /* Info.plist */,
			);
			path = FunWithDogs;
			sourceTree = "<group>";
		};
		4095FEF52718328000D96D27 /* Model */ = {
			isa = PBXGroup;
			children = (
				4095FEF3271830FB00D96D27 /* ModelData.swift */,
				4095FEF8271832EB00D96D27 /* Dog.swift */,
				4095FEFB2718339900D96D27 /* UserManager.swift */,
				409A695B2719F7460099A128 /* DogPicture.swift */,
			);
			path = Model;
			sourceTree = "<group>";
		};
		4095FEF62718328B00D96D27 /* Resources */ = {
			isa = PBXGroup;
			children = (
				4095FEF1271830D000D96D27 /* dogFactData.json */,
			);
			path = Resources;
			sourceTree = "<group>";
		};
		4095FEF72718329F00D96D27 /* Extensions */ = {
			isa = PBXGroup;
			children = (
				40554D482716958F00B31C23 /* String+Localization.swift */,
				403B3DF32719BF150053572C /* UIViewController+Present.swift */,
			);
			path = Extensions;
			sourceTree = "<group>";
		};
		4095FEFA2718335700D96D27 /* Views */ = {
			isa = PBXGroup;
			children = (
				40554D2727143A4000B31C23 /* StartViewController.swift */,
				403B3DF1271842C60053572C /* DogFactViewController.swift */,
				409A69572719EBAF0099A128 /* DogFactViewModel.swift */,
				40B7E714271B116800285A36 /* SettingViewController.swift */,
				40554D2927143A4000B31C23 /* Main.storyboard */,
			);
			path = Views;
			sourceTree = "<group>";
		};
/* End PBXGroup section */

/* Begin PBXNativeTarget section */
		40554D1F27143A4000B31C23 /* FunWithDogs */ = {
			isa = PBXNativeTarget;
			buildConfigurationList = 40554D3427143A4300B31C23 /* Build configuration list for PBXNativeTarget "FunWithDogs" */;
			buildPhases = (
				40554D1C27143A4000B31C23 /* Sources */,
				40554D1D27143A4000B31C23 /* Frameworks */,
				40554D1E27143A4000B31C23 /* Resources */,
			);
			buildRules = (
			);
			dependencies = (
			);
			name = FunWithDogs;
			packageProductDependencies = (
				40554D3827143DC200B31C23 /* Alamofire */,
				40554D3B27143E2200B31C23 /* SnapKit */,
				40554D3E271686CE00B31C23 /* Then */,
			);
			productName = FunWithDogs;
			productReference = 40554D2027143A4000B31C23 /* FunWithDogs.app */;
			productType = "com.apple.product-type.application";
		};
/* End PBXNativeTarget section */

/* Begin PBXProject section */
		40554D1827143A4000B31C23 /* Project object */ = {
			isa = PBXProject;
			attributes = {
				BuildIndependentTargetsInParallel = 1;
				LastSwiftUpdateCheck = 1300;
				LastUpgradeCheck = 1300;
				TargetAttributes = {
					40554D1F27143A4000B31C23 = {
						CreatedOnToolsVersion = 13.0;
					};
				};
			};
			buildConfigurationList = 40554D1B27143A4000B31C23 /* Build configuration list for PBXProject "FunWithDogs" */;
			compatibilityVersion = "Xcode 13.0";
			developmentRegion = en;
			hasScannedForEncodings = 0;
			knownRegions = (
				en,
				Base,
				ko,
			);
			mainGroup = 40554D1727143A4000B31C23;
			packageReferences = (
				40554D3727143DC200B31C23 /* XCRemoteSwiftPackageReference "Alamofire" */,
				40554D3A27143E2200B31C23 /* XCRemoteSwiftPackageReference "SnapKit" */,
				40554D3D271686CE00B31C23 /* XCRemoteSwiftPackageReference "Then" */,
			);
			productRefGroup = 40554D2127143A4000B31C23 /* Products */;
			projectDirPath = "";
			projectRoot = "";
			targets = (
				40554D1F27143A4000B31C23 /* FunWithDogs */,
			);
		};
/* End PBXProject section */

/* Begin PBXResourcesBuildPhase section */
		40554D1E27143A4000B31C23 /* Resources */ = {
			isa = PBXResourcesBuildPhase;
			buildActionMask = 2147483647;
			files = (
				40554D3027143A4300B31C23 /* LaunchScreen.storyboard in Resources */,
				40554D422716928A00B31C23 /* Localizable.strings in Resources */,
				40554D2D27143A4300B31C23 /* Assets.xcassets in Resources */,
				40554D2B27143A4000B31C23 /* Main.storyboard in Resources */,
				4095FEF2271830D000D96D27 /* dogFactData.json in Resources */,
			);
			runOnlyForDeploymentPostprocessing = 0;
		};
/* End PBXResourcesBuildPhase section */

/* Begin PBXSourcesBuildPhase section */
		40554D1C27143A4000B31C23 /* Sources */ = {
			isa = PBXSourcesBuildPhase;
			buildActionMask = 2147483647;
			files = (
				409A695C2719F7460099A128 /* DogPicture.swift in Sources */,
				403B3DF2271842C60053572C /* DogFactViewController.swift in Sources */,
				40554D2827143A4000B31C23 /* StartViewController.swift in Sources */,
				40554D2427143A4000B31C23 /* AppDelegate.swift in Sources */,
				4095FEFC2718339900D96D27 /* UserManager.swift in Sources */,
				4095FEF4271830FB00D96D27 /* ModelData.swift in Sources */,
				409A69582719EBAF0099A128 /* DogFactViewModel.swift in Sources */,
				403B3DF42719BF150053572C /* UIViewController+Present.swift in Sources */,
				40554D2627143A4000B31C23 /* SceneDelegate.swift in Sources */,
				4095FEF9271832EB00D96D27 /* Dog.swift in Sources */,
				40554D492716958F00B31C23 /* String+Localization.swift in Sources */,
				40B7E715271B116800285A36 /* SettingViewController.swift in Sources */,
			);
			runOnlyForDeploymentPostprocessing = 0;
		};
/* End PBXSourcesBuildPhase section */

/* Begin PBXVariantGroup section */
		40554D2927143A4000B31C23 /* Main.storyboard */ = {
			isa = PBXVariantGroup;
			children = (
				40554D2A27143A4000B31C23 /* Base */,
				40554D45271692B500B31C23 /* ko */,
			);
			name = Main.storyboard;
			sourceTree = "<group>";
		};
		40554D2E27143A4300B31C23 /* LaunchScreen.storyboard */ = {
			isa = PBXVariantGroup;
			children = (
				40554D2F27143A4300B31C23 /* Base */,
				40554D46271692B500B31C23 /* ko */,
			);
			name = LaunchScreen.storyboard;
			sourceTree = "<group>";
		};
		40554D442716928A00B31C23 /* Localizable.strings */ = {
			isa = PBXVariantGroup;
			children = (
				40554D432716928A00B31C23 /* en */,
				40554D47271692B500B31C23 /* ko */,
			);
			name = Localizable.strings;
			sourceTree = "<group>";
		};
/* End PBXVariantGroup section */

/* Begin XCBuildConfiguration section */
		40554D3227143A4300B31C23 /* Debug */ = {
			isa = XCBuildConfiguration;
			buildSettings = {
				ALWAYS_SEARCH_USER_PATHS = NO;
				CLANG_ANALYZER_LOCALIZABILITY_NONLOCALIZED = YES;
				CLANG_ANALYZER_NONNULL = YES;
				CLANG_ANALYZER_NUMBER_OBJECT_CONVERSION = YES_AGGRESSIVE;
				CLANG_CXX_LANGUAGE_STANDARD = "gnu++17";
				CLANG_CXX_LIBRARY = "libc++";
				CLANG_ENABLE_MODULES = YES;
				CLANG_ENABLE_OBJC_ARC = YES;
				CLANG_ENABLE_OBJC_WEAK = YES;
				CLANG_WARN_BLOCK_CAPTURE_AUTORELEASING = YES;
				CLANG_WARN_BOOL_CONVERSION = YES;
				CLANG_WARN_COMMA = YES;
				CLANG_WARN_CONSTANT_CONVERSION = YES;
				CLANG_WARN_DEPRECATED_OBJC_IMPLEMENTATIONS = YES;
				CLANG_WARN_DIRECT_OBJC_ISA_USAGE = YES_ERROR;
				CLANG_WARN_DOCUMENTATION_COMMENTS = YES;
				CLANG_WARN_EMPTY_BODY = YES;
				CLANG_WARN_ENUM_CONVERSION = YES;
				CLANG_WARN_INFINITE_RECURSION = YES;
				CLANG_WARN_INT_CONVERSION = YES;
				CLANG_WARN_NON_LITERAL_NULL_CONVERSION = YES;
				CLANG_WARN_OBJC_IMPLICIT_RETAIN_SELF = YES;
				CLANG_WARN_OBJC_LITERAL_CONVERSION = YES;
				CLANG_WARN_OBJC_ROOT_CLASS = YES_ERROR;
				CLANG_WARN_QUOTED_INCLUDE_IN_FRAMEWORK_HEADER = YES;
				CLANG_WARN_RANGE_LOOP_ANALYSIS = YES;
				CLANG_WARN_STRICT_PROTOTYPES = YES;
				CLANG_WARN_SUSPICIOUS_MOVE = YES;
				CLANG_WARN_UNGUARDED_AVAILABILITY = YES_AGGRESSIVE;
				CLANG_WARN_UNREACHABLE_CODE = YES;
				CLANG_WARN__DUPLICATE_METHOD_MATCH = YES;
				COPY_PHASE_STRIP = NO;
				DEBUG_INFORMATION_FORMAT = dwarf;
				ENABLE_STRICT_OBJC_MSGSEND = YES;
				ENABLE_TESTABILITY = YES;
				GCC_C_LANGUAGE_STANDARD = gnu11;
				GCC_DYNAMIC_NO_PIC = NO;
				GCC_NO_COMMON_BLOCKS = YES;
				GCC_OPTIMIZATION_LEVEL = 0;
				GCC_PREPROCESSOR_DEFINITIONS = (
					"DEBUG=1",
					"$(inherited)",
				);
				GCC_WARN_64_TO_32_BIT_CONVERSION = YES;
				GCC_WARN_ABOUT_RETURN_TYPE = YES_ERROR;
				GCC_WARN_UNDECLARED_SELECTOR = YES;
				GCC_WARN_UNINITIALIZED_AUTOS = YES_AGGRESSIVE;
				GCC_WARN_UNUSED_FUNCTION = YES;
				GCC_WARN_UNUSED_VARIABLE = YES;
				IPHONEOS_DEPLOYMENT_TARGET = 15.0;
				MTL_ENABLE_DEBUG_INFO = INCLUDE_SOURCE;
				MTL_FAST_MATH = YES;
				ONLY_ACTIVE_ARCH = YES;
				SDKROOT = iphoneos;
				SWIFT_ACTIVE_COMPILATION_CONDITIONS = DEBUG;
				SWIFT_OPTIMIZATION_LEVEL = "-Onone";
			};
			name = Debug;
		};
		40554D3327143A4300B31C23 /* Release */ = {
			isa = XCBuildConfiguration;
			buildSettings = {
				ALWAYS_SEARCH_USER_PATHS = NO;
				CLANG_ANALYZER_LOCALIZABILITY_NONLOCALIZED = YES;
				CLANG_ANALYZER_NONNULL = YES;
				CLANG_ANALYZER_NUMBER_OBJECT_CONVERSION = YES_AGGRESSIVE;
				CLANG_CXX_LANGUAGE_STANDARD = "gnu++17";
				CLANG_CXX_LIBRARY = "libc++";
				CLANG_ENABLE_MODULES = YES;
				CLANG_ENABLE_OBJC_ARC = YES;
				CLANG_ENABLE_OBJC_WEAK = YES;
				CLANG_WARN_BLOCK_CAPTURE_AUTORELEASING = YES;
				CLANG_WARN_BOOL_CONVERSION = YES;
				CLANG_WARN_COMMA = YES;
				CLANG_WARN_CONSTANT_CONVERSION = YES;
				CLANG_WARN_DEPRECATED_OBJC_IMPLEMENTATIONS = YES;
				CLANG_WARN_DIRECT_OBJC_ISA_USAGE = YES_ERROR;
				CLANG_WARN_DOCUMENTATION_COMMENTS = YES;
				CLANG_WARN_EMPTY_BODY = YES;
				CLANG_WARN_ENUM_CONVERSION = YES;
				CLANG_WARN_INFINITE_RECURSION = YES;
				CLANG_WARN_INT_CONVERSION = YES;
				CLANG_WARN_NON_LITERAL_NULL_CONVERSION = YES;
				CLANG_WARN_OBJC_IMPLICIT_RETAIN_SELF = YES;
				CLANG_WARN_OBJC_LITERAL_CONVERSION = YES;
				CLANG_WARN_OBJC_ROOT_CLASS = YES_ERROR;
				CLANG_WARN_QUOTED_INCLUDE_IN_FRAMEWORK_HEADER = YES;
				CLANG_WARN_RANGE_LOOP_ANALYSIS = YES;
				CLANG_WARN_STRICT_PROTOTYPES = YES;
				CLANG_WARN_SUSPICIOUS_MOVE = YES;
				CLANG_WARN_UNGUARDED_AVAILABILITY = YES_AGGRESSIVE;
				CLANG_WARN_UNREACHABLE_CODE = YES;
				CLANG_WARN__DUPLICATE_METHOD_MATCH = YES;
				COPY_PHASE_STRIP = NO;
				DEBUG_INFORMATION_FORMAT = "dwarf-with-dsym";
				ENABLE_NS_ASSERTIONS = NO;
				ENABLE_STRICT_OBJC_MSGSEND = YES;
				GCC_C_LANGUAGE_STANDARD = gnu11;
				GCC_NO_COMMON_BLOCKS = YES;
				GCC_WARN_64_TO_32_BIT_CONVERSION = YES;
				GCC_WARN_ABOUT_RETURN_TYPE = YES_ERROR;
				GCC_WARN_UNDECLARED_SELECTOR = YES;
				GCC_WARN_UNINITIALIZED_AUTOS = YES_AGGRESSIVE;
				GCC_WARN_UNUSED_FUNCTION = YES;
				GCC_WARN_UNUSED_VARIABLE = YES;
				IPHONEOS_DEPLOYMENT_TARGET = 15.0;
				MTL_ENABLE_DEBUG_INFO = NO;
				MTL_FAST_MATH = YES;
				SDKROOT = iphoneos;
				SWIFT_COMPILATION_MODE = wholemodule;
				SWIFT_OPTIMIZATION_LEVEL = "-O";
				VALIDATE_PRODUCT = YES;
			};
			name = Release;
		};
		40554D3527143A4300B31C23 /* Debug */ = {
			isa = XCBuildConfiguration;
			buildSettings = {
				ASSETCATALOG_COMPILER_APPICON_NAME = AppIcon;
				ASSETCATALOG_COMPILER_GLOBAL_ACCENT_COLOR_NAME = AccentColor;
				CODE_SIGN_IDENTITY = "Apple Development";
				CODE_SIGN_STYLE = Automatic;
				CURRENT_PROJECT_VERSION = 1;
				DEVELOPMENT_TEAM = 69L35L7Y9R;
				GENERATE_INFOPLIST_FILE = YES;
				INFOPLIST_FILE = FunWithDogs/Info.plist;
				INFOPLIST_KEY_UIApplicationSupportsIndirectInputEvents = YES;
				INFOPLIST_KEY_UILaunchStoryboardName = LaunchScreen;
				INFOPLIST_KEY_UISupportedInterfaceOrientations = UIInterfaceOrientationPortrait;
				INFOPLIST_KEY_UISupportedInterfaceOrientations_iPad = "UIInterfaceOrientationPortrait UIInterfaceOrientationPortraitUpsideDown UIInterfaceOrientationLandscapeLeft UIInterfaceOrientationLandscapeRight";
				INFOPLIST_KEY_UISupportedInterfaceOrientations_iPhone = "UIInterfaceOrientationPortrait UIInterfaceOrientationLandscapeLeft UIInterfaceOrientationLandscapeRight";
				IPHONEOS_DEPLOYMENT_TARGET = 14.0;
				LD_RUNPATH_SEARCH_PATHS = (
					"$(inherited)",
					"@executable_path/Frameworks",
				);
				MARKETING_VERSION = 1.0;
				PRODUCT_BUNDLE_IDENTIFIER = com.soho.FunWithDogs;
				PRODUCT_NAME = "$(TARGET_NAME)";
				PROVISIONING_PROFILE_SPECIFIER = "";
				SWIFT_EMIT_LOC_STRINGS = YES;
				SWIFT_VERSION = 5.0;
				TARGETED_DEVICE_FAMILY = 1;
			};
			name = Debug;
		};
		40554D3627143A4300B31C23 /* Release */ = {
			isa = XCBuildConfiguration;
			buildSettings = {
				ASSETCATALOG_COMPILER_APPICON_NAME = AppIcon;
				ASSETCATALOG_COMPILER_GLOBAL_ACCENT_COLOR_NAME = AccentColor;
				CODE_SIGN_IDENTITY = "Apple Development";
				CODE_SIGN_STYLE = Automatic;
				CURRENT_PROJECT_VERSION = 1;
				DEVELOPMENT_TEAM = 69L35L7Y9R;
				GENERATE_INFOPLIST_FILE = YES;
				INFOPLIST_FILE = FunWithDogs/Info.plist;
				INFOPLIST_KEY_UIApplicationSupportsIndirectInputEvents = YES;
				INFOPLIST_KEY_UILaunchStoryboardName = LaunchScreen;
				INFOPLIST_KEY_UISupportedInterfaceOrientations = UIInterfaceOrientationPortrait;
				INFOPLIST_KEY_UISupportedInterfaceOrientations_iPad = "UIInterfaceOrientationPortrait UIInterfaceOrientationPortraitUpsideDown UIInterfaceOrientationLandscapeLeft UIInterfaceOrientationLandscapeRight";
				INFOPLIST_KEY_UISupportedInterfaceOrientations_iPhone = "UIInterfaceOrientationPortrait UIInterfaceOrientationLandscapeLeft UIInterfaceOrientationLandscapeRight";
				IPHONEOS_DEPLOYMENT_TARGET = 14.0;
				LD_RUNPATH_SEARCH_PATHS = (
					"$(inherited)",
					"@executable_path/Frameworks",
				);
				MARKETING_VERSION = 1.0;
				PRODUCT_BUNDLE_IDENTIFIER = com.soho.FunWithDogs;
				PRODUCT_NAME = "$(TARGET_NAME)";
				PROVISIONING_PROFILE_SPECIFIER = "";
				SWIFT_EMIT_LOC_STRINGS = YES;
				SWIFT_VERSION = 5.0;
				TARGETED_DEVICE_FAMILY = 1;
			};
			name = Release;
		};
/* End XCBuildConfiguration section */

/* Begin XCConfigurationList section */
		40554D1B27143A4000B31C23 /* Build configuration list for PBXProject "FunWithDogs" */ = {
			isa = XCConfigurationList;
			buildConfigurations = (
				40554D3227143A4300B31C23 /* Debug */,
				40554D3327143A4300B31C23 /* Release */,
			);
			defaultConfigurationIsVisible = 0;
			defaultConfigurationName = Release;
		};
		40554D3427143A4300B31C23 /* Build configuration list for PBXNativeTarget "FunWithDogs" */ = {
			isa = XCConfigurationList;
			buildConfigurations = (
				40554D3527143A4300B31C23 /* Debug */,
				40554D3627143A4300B31C23 /* Release */,
			);
			defaultConfigurationIsVisible = 0;
			defaultConfigurationName = Release;
		};
/* End XCConfigurationList section */

/* Begin XCRemoteSwiftPackageReference section */
		40554D3727143DC200B31C23 /* XCRemoteSwiftPackageReference "Alamofire" */ = {
			isa = XCRemoteSwiftPackageReference;
			repositoryURL = "https://github.com/Alamofire/Alamofire.git";
			requirement = {
				kind = upToNextMajorVersion;
				minimumVersion = 5.0.0;
			};
		};
		40554D3A27143E2200B31C23 /* XCRemoteSwiftPackageReference "SnapKit" */ = {
			isa = XCRemoteSwiftPackageReference;
			repositoryURL = "https://github.com/SnapKit/SnapKit.git";
			requirement = {
				kind = upToNextMajorVersion;
				minimumVersion = 5.0.0;
			};
		};
		40554D3D271686CE00B31C23 /* XCRemoteSwiftPackageReference "Then" */ = {
			isa = XCRemoteSwiftPackageReference;
			repositoryURL = "https://github.com/devxoul/Then";
			requirement = {
				kind = upToNextMajorVersion;
				minimumVersion = 2.0.0;
			};
		};
/* End XCRemoteSwiftPackageReference section */

/* Begin XCSwiftPackageProductDependency section */
		40554D3827143DC200B31C23 /* Alamofire */ = {
			isa = XCSwiftPackageProductDependency;
			package = 40554D3727143DC200B31C23 /* XCRemoteSwiftPackageReference "Alamofire" */;
			productName = Alamofire;
		};
		40554D3B27143E2200B31C23 /* SnapKit */ = {
			isa = XCSwiftPackageProductDependency;
			package = 40554D3A27143E2200B31C23 /* XCRemoteSwiftPackageReference "SnapKit" */;
			productName = SnapKit;
		};
		40554D3E271686CE00B31C23 /* Then */ = {
			isa = XCSwiftPackageProductDependency;
			package = 40554D3D271686CE00B31C23 /* XCRemoteSwiftPackageReference "Then" */;
			productName = Then;
		};
/* End XCSwiftPackageProductDependency section */
	};
	rootObject = 40554D1827143A4000B31C23 /* Project object */;
}
